{
  "version": 4,
  "terraform_version": "0.12.4",
  "serial": 63,
  "lineage": "ca5c4de8-aa1a-3a95-df16-c3b4f52dc1af",
  "outputs": {},
  "resources": [
    {
      "module": "module.Route53",
      "mode": "managed",
      "type": "aws_route53_record",
      "name": "www",
      "provider": "provider.aws",
      "instances": [
        {
          "schema_version": 2,
          "attributes": {
            "alias": [
              {
                "evaluate_target_health": false,
                "name": "s3-website.us-east-2.amazonaws.com",
                "zone_id": "Z2O1EMRO9K5GLX"
              }
            ],
            "allow_overwrite": null,
            "failover_routing_policy": [],
            "fqdn": "dev.eurustechnologies.com",
            "geolocation_routing_policy": [],
            "health_check_id": null,
            "id": "Z1G47AP9B9WB7W_dev._A",
            "latency_routing_policy": [],
            "multivalue_answer_routing_policy": null,
            "name": "dev",
            "records": null,
            "set_identifier": null,
            "ttl": null,
            "type": "A",
            "weighted_routing_policy": [],
            "zone_id": "Z1G47AP9B9WB7W"
          },
          "private": "eyJzY2hlbWFfdmVyc2lvbiI6IjIifQ=="
        }
      ]
    },
    {
      "module": "module.s3-bucket",
      "mode": "managed",
      "type": "aws_s3_bucket",
      "name": "static-files",
      "provider": "provider.aws",
      "instances": [
        {
          "schema_version": 0,
          "attributes": {
            "acceleration_status": "",
            "acl": "private",
            "arn": "arn:aws:s3:::dev.eurustechnologies.com",
            "bucket": "dev.eurustechnologies.com",
            "bucket_domain_name": "dev.eurustechnologies.com.s3.amazonaws.com",
            "bucket_prefix": null,
            "bucket_regional_domain_name": "dev.eurustechnologies.com.s3.us-east-2.amazonaws.com",
            "cors_rule": [],
            "force_destroy": false,
            "hosted_zone_id": "Z2O1EMRO9K5GLX",
            "id": "dev.eurustechnologies.com",
            "lifecycle_rule": [],
            "logging": [],
            "object_lock_configuration": [],
            "policy": null,
            "region": "us-east-2",
            "replication_configuration": [],
            "request_payer": "BucketOwner",
            "server_side_encryption_configuration": [],
            "tags": {
              "Environment": "dev",
              "Name": "dev.eurustechnologies.com"
            },
            "versioning": [
              {
                "enabled": false,
                "mfa_delete": false
              }
            ],
            "website": [
              {
                "error_document": "404.html",
                "index_document": "index.html",
                "redirect_all_requests_to": "",
                "routing_rules": ""
              }
            ],
            "website_domain": "s3-website.us-east-2.amazonaws.com",
            "website_endpoint": "dev.eurustechnologies.com.s3-website.us-east-2.amazonaws.com"
          },
          "private": "bnVsbA=="
        }
      ]
    }
  ]
}
